github.com/oschwald/maxminddb-golang/v2 v2.0.0-beta.8 h1:aM1/rO6p+XV+l+seD7UCtFZgsOefDTrFVLvPoZWjXZs=
github.com/oschwald/maxminddb-golang/v2 v2.0.0-beta.8/go.mod h1:Jts8ztuE0PkUwY7VCJyp6B68ujQfr6G9P5Dn3Yx9u6w=
golang.org/x/sys v0.34.0 h1:H5Y5sJ2L2JRdyv7ROF1he/lPdvFsd0mJHFw2ThKHxLA=
golang.org/x/sys v0.34.0/go.mod h1:BJP2sWEmIv4KK5OTEluFJCKSidICx8ciO85XgH3Ak8k=
